<?xml version="1.0" encoding="utf-8"?>
<Project ToolsVersion="4.0" xmlns="http://schemas.microsoft.com/developer/msbuild/2003">
  <ItemGroup>
    <Filter Include="Source Files">
      <UniqueIdentifier>{4FC737F1-C7A5-4376-A066-2A32D752A2FF}</UniqueIdentifier>
      <Extensions>cpp;c;cc;cxx;def;odl;idl;hpj;bat;asm;asmx</Extensions>
    </Filter>
    <Filter Include="Header Files">
      <UniqueIdentifier>{93995380-89BD-4b04-88EB-625FBE52EBFB}</UniqueIdentifier>
      <Extensions>h;hh;hpp;hxx;hm;inl;inc;ipp;xsd</Extensions>
    </Filter>
    <Filter Include="Resource Files">
      <UniqueIdentifier>{67DA6AB6-F800-4c08-8B7A-83BB121AAD01}</UniqueIdentifier>
      <Extensions>rc;ico;cur;bmp;dlg;rc2;rct;bin;rgs;gif;jpg;jpeg;jpe;resx;tiff;tif;png;wav;mfcribbon-ms</Extensions>
    </Filter>
  </ItemGroup>
  <ItemGroup>
    <ClCompile Include="main.cpp">
      <Filter>Source Files</Filter>
    </ClCompile>
    <ClCompile Include="utils\math\Collision.cpp">
      <Filter>Source Files</Filter>
    </ClCompile>
    <ClCompile Include="utils\math\Interpolation.cpp">
      <Filter>Source Files</Filter>
    </ClCompile>
    <ClCompile Include="utils\math\Object.cpp">
      <Filter>Source Files</Filter>
    </ClCompile>
    <ClCompile Include="utils\math\Rotation.cpp">
      <Filter>Source Files</Filter>
    </ClCompile>
    <ClCompile Include="utils\Array.cpp">
      <Filter>Source Files</Filter>
    </ClCompile>
    <ClCompile Include="utils\Color.cpp">
      <Filter>Source Files</Filter>
    </ClCompile>
    <ClCompile Include="utils\Utils.cpp">
      <Filter>Source Files</Filter>
    </ClCompile>
    <ClCompile Include="utils\math\Shape.cpp">
      <Filter>Source Files</Filter>
    </ClCompile>
    <ClCompile Include="utils\Timer.cpp">
      <Filter>Source Files</Filter>
    </ClCompile>
    <ClCompile Include="utils\Random.cpp">
      <Filter>Source Files</Filter>
    </ClCompile>
    <ClCompile Include="utils\math\LargeInt.cpp">
      <Filter>Source Files</Filter>
    </ClCompile>
    <ClCompile Include="utils\math\Matrix.cpp">
      <Filter>Source Files</Filter>
    </ClCompile>
    <ClCompile Include="utils\math\Point.cpp">
      <Filter>Source Files</Filter>
    </ClCompile>
    <ClCompile Include="utils\math\Quaternion.cpp">
      <Filter>Source Files</Filter>
    </ClCompile>
    <ClCompile Include="utils\math\Vector.cpp">
      <Filter>Source Files</Filter>
    </ClCompile>
  </ItemGroup>
  <ItemGroup>
    <ClInclude Include="utils\math\Collision.h">
      <Filter>Header Files</Filter>
    </ClInclude>
    <ClInclude Include="utils\math\Interpolation.h">
      <Filter>Header Files</Filter>
    </ClInclude>
    <ClInclude Include="utils\math\LargeInt.h">
      <Filter>Header Files</Filter>
    </ClInclude>
    <ClInclude Include="utils\math\MathLib.h">
      <Filter>Header Files</Filter>
    </ClInclude>
    <ClInclude Include="utils\math\Object.h">
      <Filter>Header Files</Filter>
    </ClInclude>
    <ClInclude Include="utils\math\Rotation.h">
      <Filter>Header Files</Filter>
    </ClInclude>
    <ClInclude Include="utils\Array.h">
      <Filter>Header Files</Filter>
    </ClInclude>
    <ClInclude Include="utils\Color.h">
      <Filter>Header Files</Filter>
    </ClInclude>
    <ClInclude Include="utils\Utils.h">
      <Filter>Header Files</Filter>
    </ClInclude>
    <ClInclude Include="utils\UtilsLib.h">
      <Filter>Header Files</Filter>
    </ClInclude>
    <ClInclude Include="utils\UtilsToolsLib.h">
      <Filter>Header Files</Filter>
    </ClInclude>
    <ClInclude Include="utils\math\Shape.h">
      <Filter>Header Files</Filter>
    </ClInclude>
    <ClInclude Include="utils\Timer.h">
      <Filter>Header Files</Filter>
    </ClInclude>
    <ClInclude Include="utils\sort\BubbleSort.h">
      <Filter>Header Files</Filter>
    </ClInclude>
    <ClInclude Include="utils\sort\Sort.h">
      <Filter>Header Files</Filter>
    </ClInclude>
    <ClInclude Include="utils\sort\SelectionSort.h">
      <Filter>Header Files</Filter>
    </ClInclude>
    <ClInclude Include="utils\sort\InsertionSort.h">
      <Filter>Header Files</Filter>
    </ClInclude>
    <ClInclude Include="utils\sort\MergeSort.h">
      <Filter>Header Files</Filter>
    </ClInclude>
    <ClInclude Include="utils\sort\QuickSort.h">
      <Filter>Header Files</Filter>
    </ClInclude>
    <ClInclude Include="utils\Random.h">
      <Filter>Header Files</Filter>
    </ClInclude>
    <ClInclude Include="utils\sort\CountSort.h">
      <Filter>Header Files</Filter>
    </ClInclude>
    <ClInclude Include="utils\math\Matrix.h">
      <Filter>Header Files</Filter>
    </ClInclude>
    <ClInclude Include="utils\math\Point.h">
      <Filter>Header Files</Filter>
    </ClInclude>
    <ClInclude Include="utils\math\Quaternion.h">
      <Filter>Header Files</Filter>
    </ClInclude>
    <ClInclude Include="utils\math\Vector.h">
      <Filter>Header Files</Filter>
    </ClInclude>
  </ItemGroup>
</Project>